
Microsoft Visual Studio Solution File, Format Version 12.00
# Visual Studio Version 17
VisualStudioVersion = 17.3.32819.101
MinimumVisualStudioVersion = 10.0.40219.1
Project("{CC4C1896-9A99-4987-A6EB-D800B0452D19}") = "Puppeteer", "Puppeteer.csproj", "{3A84B6E7-AE2B-42DD-AE9A-60CE2CEB06F6}"
EndProject
Global
	GlobalSection(SolutionConfigurationPlatforms) = preSolution
		Debug|Any CPU = Debug|Any CPU
		Release|Any CPU = Release|Any CPU
	EndGlobalSection
	GlobalSection(ProjectConfigurationPlatforms) = postSolution
		{3A84B6E7-AE2B-42DD-AE9A-60CE2CEB06F6}.Debug|Any CPU.ActiveCfg = Debug|Any CPU
		{3A84B6E7-AE2B-42DD-AE9A-60CE2CEB06F6}.Debug|Any CPU.Build.0 = Debug|Any CPU
		{3A84B6E7-AE2B-42DD-AE9A-60CE2CEB06F6}.Release|Any CPU.ActiveCfg = Release|Any CPU
		{3A84B6E7-AE2B-42DD-AE9A-60CE2CEB06F6}.Release|Any CPU.Build.0 = Release|Any CPU
	EndGlobalSection
	GlobalSection(SolutionProperties) = preSolution
		HideSolutionNode = FALSE
	EndGlobalSection
	GlobalSection(ExtensibilityGlobals) = postSolution
		SolutionGuid = {3A84B6E7-AE2B-42DD-AE9A-60CE2CEB06F6}
	EndGlobalSection
EndGlobal
